
Microsoft Visual Studio Solution File, Format Version 12.00
# Visual Studio Version 16
VisualStudioVersion = 16.0.32901.82
MinimumVisualStudioVersion = 10.0.40219.1
Project("{FAE04EC0-301F-11D3-BF4B-00C04F79EFBC}") = "DC Office", "DC Office\DC Office.csproj", "{30C9A3C8-60D9-4741-A891-01B6773B98CC}"
EndProject
Global
	GlobalSection(SolutionConfigurationPlatforms) = preSolution
		Debug|Any CPU = Debug|Any CPU
		Release|Any CPU = Release|Any CPU
	EndGlobalSection
	GlobalSection(ProjectConfigurationPlatforms) = postSolution
		{30C9A3C8-60D9-4741-A891-01B6773B98CC}.Debug|Any CPU.ActiveCfg = Debug|Any CPU
		{30C9A3C8-60D9-4741-A891-01B6773B98CC}.Debug|Any CPU.Build.0 = Debug|Any CPU
		{30C9A3C8-60D9-4741-A891-01B6773B98CC}.Release|Any CPU.ActiveCfg = Release|Any CPU
		{30C9A3C8-60D9-4741-A891-01B6773B98CC}.Release|Any CPU.Build.0 = Release|Any CPU
	EndGlobalSection
	GlobalSection(SolutionProperties) = preSolution
		HideSolutionNode = FALSE
	EndGlobalSection
	GlobalSection(ExtensibilityGlobals) = postSolution
		SolutionGuid = {94698EFB-CE5F-4FFC-A26F-DB51F7AF9BAE}
	EndGlobalSection
EndGlobal
